{
  "name": "ProjetoIntegrador-SpcGrafeno-Front",
  "lockfileVersion": 3,
  "requires": true,
  "packages": {
    "": {
      "dependencies": {
        "vue-multiselect": "^3.1.0"
      },
      "devDependencies": {
        "@types/node": "^22.8.1"
      }
    },
    "node_modules/@types/node": {
      "version": "22.8.1",
      "resolved": "https://registry.npmjs.org/@types/node/-/node-22.8.1.tgz",
      "integrity": "sha512-k6Gi8Yyo8EtrNtkHXutUu2corfDf9su95VYVP10aGYMMROM6SAItZi0w1XszA6RtWTHSVp5OeFof37w0IEqCQg==",
      "dev": true,
      "license": "MIT",
      "dependencies": {
        "undici-types": "~6.19.8"
      }
    },
    "node_modules/undici-types": {
      "version": "6.19.8",
      "resolved": "https://registry.npmjs.org/undici-types/-/undici-types-6.19.8.tgz",
      "integrity": "sha512-ve2KP6f/JnbPBFyobGHuerC9g1FYGn/F8n1LWTwNxCEzd6IfqTwUQcNXgEtmmQ6DlRrC1hrSrBnCZPokRrDHjw==",
      "dev": true,
      "license": "MIT"
    },
    "node_modules/vue-multiselect": {
      "version": "3.1.0",
      "resolved": "https://registry.npmjs.org/vue-multiselect/-/vue-multiselect-3.1.0.tgz",
      "integrity": "sha512-+i/fjTqFBpaay9NP+lU7obBeNaw2DdFDFs4mqhsM0aEtKRdvIf7CfREAx2o2B4XDmPrBt1r7x1YCM3BOMLaUgQ==",
      "engines": {
        "node": ">= 14.18.1",
        "npm": ">= 6.14.15"
      }
    }
  }
}
